
Microsoft Visual Studio Solution File, Format Version 12.00
# Visual Studio Version 17
VisualStudioVersion = 17.2.32526.322
MinimumVisualStudioVersion = 10.0.40219.1
Project("{FAE04EC0-301F-11D3-BF4B-00C04F79EFBC}") = "PasswordKata", "PasswordKata\PasswordKata.csproj", "{19D0E80A-B12E-4EC4-8644-19AD5DC21515}"
EndProject
Project("{FAE04EC0-301F-11D3-BF4B-00C04F79EFBC}") = "PasswordKataTest", "PasswordKataTest\PasswordKataTest.csproj", "{3EB751DE-297C-4E78-957E-E016A9569778}"
EndProject
Global
	GlobalSection(SolutionConfigurationPlatforms) = preSolution
		Debug|Any CPU = Debug|Any CPU
		Release|Any CPU = Release|Any CPU
	EndGlobalSection
	GlobalSection(ProjectConfigurationPlatforms) = postSolution
		{19D0E80A-B12E-4EC4-8644-19AD5DC21515}.Debug|Any CPU.ActiveCfg = Debug|Any CPU
		{19D0E80A-B12E-4EC4-8644-19AD5DC21515}.Debug|Any CPU.Build.0 = Debug|Any CPU
		{19D0E80A-B12E-4EC4-8644-19AD5DC21515}.Release|Any CPU.ActiveCfg = Release|Any CPU
		{19D0E80A-B12E-4EC4-8644-19AD5DC21515}.Release|Any CPU.Build.0 = Release|Any CPU
		{3EB751DE-297C-4E78-957E-E016A9569778}.Debug|Any CPU.ActiveCfg = Debug|Any CPU
		{3EB751DE-297C-4E78-957E-E016A9569778}.Debug|Any CPU.Build.0 = Debug|Any CPU
		{3EB751DE-297C-4E78-957E-E016A9569778}.Release|Any CPU.ActiveCfg = Release|Any CPU
		{3EB751DE-297C-4E78-957E-E016A9569778}.Release|Any CPU.Build.0 = Release|Any CPU
	EndGlobalSection
	GlobalSection(SolutionProperties) = preSolution
		HideSolutionNode = FALSE
	EndGlobalSection
	GlobalSection(ExtensibilityGlobals) = postSolution
		SolutionGuid = {8DBBD204-8484-4CE8-91F3-496EC48B3F55}
	EndGlobalSection
EndGlobal
